
Microsoft Visual Studio Solution File, Format Version 12.00
# Visual Studio Version 17
VisualStudioVersion = 17.8.34302.71
MinimumVisualStudioVersion = 10.0.40219.1
Project("{FAE04EC0-301F-11D3-BF4B-00C04F79EFBC}") = "HospitalManagementAssessment", "HospitalManagementAssessment.csproj", "{7FDAE7B0-84EA-41F9-A623-7D2CE21119D7}"
EndProject
Global
	GlobalSection(SolutionConfigurationPlatforms) = preSolution
		Debug|Any CPU = Debug|Any CPU
		Release|Any CPU = Release|Any CPU
	EndGlobalSection
	GlobalSection(ProjectConfigurationPlatforms) = postSolution
		{7FDAE7B0-84EA-41F9-A623-7D2CE21119D7}.Debug|Any CPU.ActiveCfg = Debug|Any CPU
		{7FDAE7B0-84EA-41F9-A623-7D2CE21119D7}.Debug|Any CPU.Build.0 = Debug|Any CPU
		{7FDAE7B0-84EA-41F9-A623-7D2CE21119D7}.Release|Any CPU.ActiveCfg = Release|Any CPU
		{7FDAE7B0-84EA-41F9-A623-7D2CE21119D7}.Release|Any CPU.Build.0 = Release|Any CPU
	EndGlobalSection
	GlobalSection(SolutionProperties) = preSolution
		HideSolutionNode = FALSE
	EndGlobalSection
	GlobalSection(ExtensibilityGlobals) = postSolution
		SolutionGuid = {460E8F43-8783-48AD-8800-346320EAD278}
	EndGlobalSection
EndGlobal
